
Microsoft Visual Studio Solution File, Format Version 12.00
# Visual Studio Version 16
VisualStudioVersion = 16.0.30114.105
MinimumVisualStudioVersion = 10.0.40219.1
Project("{FAE04EC0-301F-11D3-BF4B-00C04F79EFBC}") = "AeroportV1", "AeroportV1.csproj", "{76EC8009-7045-485E-91E0-0F9C5C3D3BE4}"
EndProject
Global
	GlobalSection(SolutionConfigurationPlatforms) = preSolution
		Debug|Any CPU = Debug|Any CPU
		Release|Any CPU = Release|Any CPU
	EndGlobalSection
	GlobalSection(ProjectConfigurationPlatforms) = postSolution
		{76EC8009-7045-485E-91E0-0F9C5C3D3BE4}.Debug|Any CPU.ActiveCfg = Debug|Any CPU
		{76EC8009-7045-485E-91E0-0F9C5C3D3BE4}.Debug|Any CPU.Build.0 = Debug|Any CPU
		{76EC8009-7045-485E-91E0-0F9C5C3D3BE4}.Release|Any CPU.ActiveCfg = Release|Any CPU
		{76EC8009-7045-485E-91E0-0F9C5C3D3BE4}.Release|Any CPU.Build.0 = Release|Any CPU
	EndGlobalSection
	GlobalSection(SolutionProperties) = preSolution
		HideSolutionNode = FALSE
	EndGlobalSection
	GlobalSection(ExtensibilityGlobals) = postSolution
		SolutionGuid = {7EC85402-FE1E-40E3-B6F0-AAEF4495EBCA}
	EndGlobalSection
EndGlobal
